
Microsoft Visual Studio Solution File, Format Version 12.00
# Visual Studio 2013
VisualStudioVersion = 12.0.30110.0
MinimumVisualStudioVersion = 10.0.40219.1
Project("{FAE04EC0-301F-11D3-BF4B-00C04F79EFBC}") = "Paint Project", "Paint Project\Paint Project.csproj", "{07D56BC9-E316-48FA-A799-EE3A86344ABF}"
EndProject
Global
	GlobalSection(SolutionConfigurationPlatforms) = preSolution
		Debug|Any CPU = Debug|Any CPU
		Release|Any CPU = Release|Any CPU
	EndGlobalSection
	GlobalSection(ProjectConfigurationPlatforms) = postSolution
		{07D56BC9-E316-48FA-A799-EE3A86344ABF}.Debug|Any CPU.ActiveCfg = Debug|Any CPU
		{07D56BC9-E316-48FA-A799-EE3A86344ABF}.Debug|Any CPU.Build.0 = Debug|Any CPU
		{07D56BC9-E316-48FA-A799-EE3A86344ABF}.Release|Any CPU.ActiveCfg = Release|Any CPU
		{07D56BC9-E316-48FA-A799-EE3A86344ABF}.Release|Any CPU.Build.0 = Release|Any CPU
	EndGlobalSection
	GlobalSection(SolutionProperties) = preSolution
		HideSolutionNode = FALSE
	EndGlobalSection
EndGlobal
